// !$*UTF8*$!
{
	archiveVersion = 1;
	classes = {
	};
	objectVersion = 46;
	objects = {

/* Begin PBXBuildFile section */
		CC5F4E2B1D011D4700F2222A /* main.m in Sources */ = {isa = PBXBuildFile; fileRef = CC5F4E2A1D011D4700F2222A /* main.m */; };
		CC5F4E2E1D011D4700F2222A /* AppDelegate.m in Sources */ = {isa = PBXBuildFile; fileRef = CC5F4E2D1D011D4700F2222A /* AppDelegate.m */; };
		CC5F4E311D011D4700F2222A /* ViewController.m in Sources */ = {isa = PBXBuildFile; fileRef = CC5F4E301D011D4700F2222A /* ViewController.m */; };
		CC5F4E341D011D4700F2222A /* Main.storyboard in Resources */ = {isa = PBXBuildFile; fileRef = CC5F4E321D011D4700F2222A /* Main.storyboard */; };
		CC5F4E361D011D4700F2222A /* Assets.xcassets in Resources */ = {isa = PBXBuildFile; fileRef = CC5F4E351D011D4700F2222A /* Assets.xcassets */; };
		CC5F4E391D011D4700F2222A /* LaunchScreen.storyboard in Resources */ = {isa = PBXBuildFile; fileRef = CC5F4E371D011D4700F2222A /* LaunchScreen.storyboard */; };
		CC5F4E421D011F9600F2222A /* QYmode.m in Sources */ = {isa = PBXBuildFile; fileRef = CC5F4E411D011F9600F2222A /* QYmode.m */; };
/* End PBXBuildFile section */

/* Begin PBXFileReference section */
		CC5F4E261D011D4700F2222A /* 01-KVO练习.app */ = {isa = PBXFileReference; explicitFileType = wrapper.application; includeInIndex = 0; path = "01-KVO练习.app"; sourceTree = BUILT_PRODUCTS_DIR; };
		CC5F4E2A1D011D4700F2222A /* main.m */ = {isa = PBXFileReference; lastKnownFileType = sourcecode.c.objc; path = main.m; sourceTree = "<group>"; };
		CC5F4E2C1D011D4700F2222A /* AppDelegate.h */ = {isa = PBXFileReference; lastKnownFileType = sourcecode.c.h; path = AppDelegate.h; sourceTree = "<group>"; };
		CC5F4E2D1D011D4700F2222A /* AppDelegate.m */ = {isa = PBXFileReference; lastKnownFileType = sourcecode.c.objc; path = AppDelegate.m; sourceTree = "<group>"; };
		CC5F4E2F1D011D4700F2222A /* ViewController.h */ = {isa = PBXFileReference; lastKnownFileType = sourcecode.c.h; path = ViewController.h; sourceTree = "<group>"; };
		CC5F4E301D011D4700F2222A /* ViewController.m */ = {isa = PBXFileReference; lastKnownFileType = sourcecode.c.objc; path = ViewController.m; sourceTree = "<group>"; };
		CC5F4E331D011D4700F2222A /* Base */ = {isa = PBXFileReference; lastKnownFileType = file.storyboard; name = Base; path = Base.lproj/Main.storyboard; sourceTree = "<group>"; };
		CC5F4E351D011D4700F2222A /* Assets.xcassets */ = {isa = PBXFileReference; lastKnownFileType = folder.assetcatalog; path = Assets.xcassets; sourceTree = "<group>"; };
		CC5F4E381D011D4700F2222A /* Base */ = {isa = PBXFileReference; lastKnownFileType = file.storyboard; name = Base; path = Base.lproj/LaunchScreen.storyboard; sourceTree = "<group>"; };
		CC5F4E3A1D011D4700F2222A /* Info.plist */ = {isa = PBXFileReference; lastKnownFileType = text.plist.xml; path = Info.plist; sourceTree = "<group>"; };
		CC5F4E401D011F9600F2222A /* QYmode.h */ = {isa = PBXFileReference; fileEncoding = 4; lastKnownFileType = sourcecode.c.h; path = QYmode.h; sourceTree = "<group>"; };
		CC5F4E411D011F9600F2222A /* QYmode.m */ = {isa = PBXFileReference; fileEncoding = 4; lastKnownFileType = sourcecode.c.objc; path = QYmode.m; sourceTree = "<group>"; };
/* End PBXFileReference section */

/* Begin PBXFrameworksBuildPhase section */
		CC5F4E231D011D4700F2222A /* Frameworks */ = {
			isa = PBXFrameworksBuildPhase;
			buildActionMask = 2147483647;
			files = (
			);
			runOnlyForDeploymentPostprocessing = 0;
		};
/* End PBXFrameworksBuildPhase section */

/* Begin PBXGroup section */
		CC5F4E1D1D011D4700F2222A = {
			isa = PBXGroup;
			children = (
				CC5F4E281D011D4700F2222A /* 01-KVO练习 */,
				CC5F4E271D011D4700F2222A /* Products */,
			);
			sourceTree = "<group>";
		};
		CC5F4E271D011D4700F2222A /* Products */ = {
			isa = PBXGroup;
			children = (
				CC5F4E261D011D4700F2222A /* 01-KVO练习.app */,
			);
			name = Products;
			sourceTree = "<group>";
		};
		CC5F4E281D011D4700F2222A /* 01-KVO练习 */ = {
			isa = PBXGroup;
			children = (
				CC5F4E2C1D011D4700F2222A /* AppDelegate.h */,
				CC5F4E2D1D011D4700F2222A /* AppDelegate.m */,
				CC5F4E2F1D011D4700F2222A /* ViewController.h */,
				CC5F4E301D011D4700F2222A /* ViewController.m */,
				CC5F4E401D011F9600F2222A /* QYmode.h */,
				CC5F4E411D011F9600F2222A /* QYmode.m */,
				CC5F4E321D011D4700F2222A /* Main.storyboard */,
				CC5F4E351D011D4700F2222A /* Assets.xcassets */,
				CC5F4E371D011D4700F2222A /* LaunchScreen.storyboard */,
				CC5F4E3A1D011D4700F2222A /* Info.plist */,
				CC5F4E291D011D4700F2222A /* Supporting Files */,
			);
			path = "01-KVO练习";
			sourceTree = "<group>";
		};
		CC5F4E291D011D4700F2222A /* Supporting Files */ = {
			isa = PBXGroup;
			children = (
				CC5F4E2A1D011D4700F2222A /* main.m */,
			);
			name = "Supporting Files";
			sourceTree = "<group>";
		};
/* End PBXGroup section */

/* Begin PBXNativeTarget section */
		CC5F4E251D011D4700F2222A /* 01-KVO练习 */ = {
			isa = PBXNativeTarget;
			buildConfigurationList = CC5F4E3D1D011D4700F2222A /* Build configuration list for PBXNativeTarget "01-KVO练习" */;
			buildPhases = (
				CC5F4E221D011D4700F2222A /* Sources */,
				CC5F4E231D011D4700F2222A /* Frameworks */,
				CC5F4E241D011D4700F2222A /* Resources */,
			);
			buildRules = (
			);
			dependencies = (
			);
			name = "01-KVO练习";
			productName = "01-KVO练习";
			productReference = CC5F4E261D011D4700F2222A /* 01-KVO练习.app */;
			productType = "com.apple.product-type.application";
		};
/* End PBXNativeTarget section */

/* Begin PBXProject section */
		CC5F4E1E1D011D4700F2222A /* Project object */ = {
			isa = PBXProject;
			attributes = {
				LastUpgradeCheck = 0710;
				ORGANIZATIONNAME = QingYun;
				TargetAttributes = {
					CC5F4E251D011D4700F2222A = {
						CreatedOnToolsVersion = 7.1.1;
						DevelopmentTeam = GGG24ADHBE;
					};
				};
			};
			buildConfigurationList = CC5F4E211D011D4700F2222A /* Build configuration list for PBXProject "01-KVO练习" */;
			compatibilityVersion = "Xcode 3.2";
			developmentRegion = English;
			hasScannedForEncodings = 0;
			knownRegions = (
				en,
				Base,
			);
			mainGroup = CC5F4E1D1D011D4700F2222A;
			productRefGroup = CC5F4E271D011D4700F2222A /* Products */;
			projectDirPath = "";
			projectRoot = "";
			targets = (
				CC5F4E251D011D4700F2222A /* 01-KVO练习 */,
			);
		};
/* End PBXProject section */

/* Begin PBXResourcesBuildPhase section */
		CC5F4E241D011D4700F2222A /* Resources */ = {
			isa = PBXResourcesBuildPhase;
			buildActionMask = 2147483647;
			files = (
				CC5F4E391D011D4700F2222A /* LaunchScreen.storyboard in Resources */,
				CC5F4E361D011D4700F2222A /* Assets.xcassets in Resources */,
				CC5F4E341D011D4700F2222A /* Main.storyboard in Resources */,
			);
			runOnlyForDeploymentPostprocessing = 0;
		};
/* End PBXResourcesBuildPhase section */

/* Begin PBXSourcesBuildPhase section */
		CC5F4E221D011D4700F2222A /* Sources */ = {
			isa = PBXSourcesBuildPhase;
			buildActionMask = 2147483647;
			files = (
				CC5F4E311D011D4700F2222A /* ViewController.m in Sources */,
				CC5F4E2E1D011D4700F2222A /* AppDelegate.m in Sources */,
				CC5F4E421D011F9600F2222A /* QYmode.m in Sources */,
				CC5F4E2B1D011D4700F2222A /* main.m in Sources */,
			);
			runOnlyForDeploymentPostprocessing = 0;
		};
/* End PBXSourcesBuildPhase section */

/* Begin PBXVariantGroup section */
		CC5F4E321D011D4700F2222A /* Main.storyboard */ = {
			isa = PBXVariantGroup;
			children = (
				CC5F4E331D011D4700F2222A /* Base */,
			);
			name = Main.storyboard;
			sourceTree = "<group>";
		};
		CC5F4E371D011D4700F2222A /* LaunchScreen.storyboard */ = {
			isa = PBXVariantGroup;
			children = (
				CC5F4E381D011D4700F2222A /* Base */,
			);
			name = LaunchScreen.storyboard;
			sourceTree = "<group>";
		};
/* End PBXVariantGroup section */

/* Begin XCBuildConfiguration section */
		CC5F4E3B1D011D4700F2222A /* Debug */ = {
			isa = XCBuildConfiguration;
			buildSettings = {
				ALWAYS_SEARCH_USER_PATHS = NO;
				CLANG_CXX_LANGUAGE_STANDARD = "gnu++0x";
				CLANG_CXX_LIBRARY = "libc++";
				CLANG_ENABLE_MODULES = YES;
				CLANG_ENABLE_OBJC_ARC = YES;
				CLANG_WARN_BOOL_CONVERSION = YES;
				CLANG_WARN_CONSTANT_CONVERSION = YES;
				CLANG_WARN_DIRECT_OBJC_ISA_USAGE = YES_ERROR;
				CLANG_WARN_EMPTY_BODY = YES;
				CLANG_WARN_ENUM_CONVERSION = YES;
				CLANG_WARN_INT_CONVERSION = YES;
				CLANG_WARN_OBJC_ROOT_CLASS = YES_ERROR;
				CLANG_WARN_UNREACHABLE_CODE = YES;
				CLANG_WARN__DUPLICATE_METHOD_MATCH = YES;
				"CODE_SIGN_IDENTITY[sdk=iphoneos*]" = "iPhone Developer";
				COPY_PHASE_STRIP = NO;
				DEBUG_INFORMATION_FORMAT = dwarf;
				ENABLE_STRICT_OBJC_MSGSEND = YES;
				ENABLE_TESTABILITY = YES;
				GCC_C_LANGUAGE_STANDARD = gnu99;
				GCC_DYNAMIC_NO_PIC = NO;
				GCC_NO_COMMON_BLOCKS = YES;
				GCC_OPTIMIZATION_LEVEL = 0;
				GCC_PREPROCESSOR_DEFINITIONS = (
					"DEBUG=1",
					"$(inherited)",
				);
				GCC_WARN_64_TO_32_BIT_CONVERSION = YES;
				GCC_WARN_ABOUT_RETURN_TYPE = YES_ERROR;
				GCC_WARN_UNDECLARED_SELECTOR = YES;
				GCC_WARN_UNINITIALIZED_AUTOS = YES_AGGRESSIVE;
				GCC_WARN_UNUSED_FUNCTION = YES;
				GCC_WARN_UNUSED_VARIABLE = YES;
				IPHONEOS_DEPLOYMENT_TARGET = 9.1;
				MTL_ENABLE_DEBUG_INFO = YES;
				ONLY_ACTIVE_ARCH = YES;
				SDKROOT = iphoneos;
			};
			name = Debug;
		};
		CC5F4E3C1D011D4700F2222A /* Release */ = {
			isa = XCBuildConfiguration;
			buildSettings = {
				ALWAYS_SEARCH_USER_PATHS = NO;
				CLANG_CXX_LANGUAGE_STANDARD = "gnu++0x";
				CLANG_CXX_LIBRARY = "libc++";
				CLANG_ENABLE_MODULES = YES;
				CLANG_ENABLE_OBJC_ARC = YES;
				CLANG_WARN_BOOL_CONVERSION = YES;
				CLANG_WARN_CONSTANT_CONVERSION = YES;
				CLANG_WARN_DIRECT_OBJC_ISA_USAGE = YES_ERROR;
				CLANG_WARN_EMPTY_BODY = YES;
				CLANG_WARN_ENUM_CONVERSION = YES;
				CLANG_WARN_INT_CONVERSION = YES;
				CLANG_WARN_OBJC_ROOT_CLASS = YES_ERROR;
				CLANG_WARN_UNREACHABLE_CODE = YES;
				CLANG_WARN__DUPLICATE_METHOD_MATCH = YES;
				"CODE_SIGN_IDENTITY[sdk=iphoneos*]" = "iPhone Developer";
				COPY_PHASE_STRIP = NO;
				DEBUG_INFORMATION_FORMAT = "dwarf-with-dsym";
				ENABLE_NS_ASSERTIONS = NO;
				ENABLE_STRICT_OBJC_MSGSEND = YES;
				GCC_C_LANGUAGE_STANDARD = gnu99;
				GCC_NO_COMMON_BLOCKS = YES;
				GCC_WARN_64_TO_32_BIT_CONVERSION = YES;
				GCC_WARN_ABOUT_RETURN_TYPE = YES_ERROR;
				GCC_WARN_UNDECLARED_SELECTOR = YES;
				GCC_WARN_UNINITIALIZED_AUTOS = YES_AGGRESSIVE;
				GCC_WARN_UNUSED_FUNCTION = YES;
				GCC_WARN_UNUSED_VARIABLE = YES;
				IPHONEOS_DEPLOYMENT_TARGET = 9.1;
				MTL_ENABLE_DEBUG_INFO = NO;
				SDKROOT = iphoneos;
				VALIDATE_PRODUCT = YES;
			};
			name = Release;
		};
		CC5F4E3E1D011D4700F2222A /* Debug */ = {
			isa = XCBuildConfiguration;
			buildSettings = {
				ASSETCATALOG_COMPILER_APPICON_NAME = AppIcon;
				INFOPLIST_FILE = "01-KVO练习/Info.plist";
				LD_RUNPATH_SEARCH_PATHS = "$(inherited) @executable_path/Frameworks";
				PRODUCT_BUNDLE_IDENTIFIER = "com.Qingyun.-1-KVO--";
				PRODUCT_NAME = "$(TARGET_NAME)";
			};
			name = Debug;
		};
		CC5F4E3F1D011D4700F2222A /* Release */ = {
			isa = XCBuildConfiguration;
			buildSettings = {
				ASSETCATALOG_COMPILER_APPICON_NAME = AppIcon;
				INFOPLIST_FILE = "01-KVO练习/Info.plist";
				LD_RUNPATH_SEARCH_PATHS = "$(inherited) @executable_path/Frameworks";
				PRODUCT_BUNDLE_IDENTIFIER = "com.Qingyun.-1-KVO--";
				PRODUCT_NAME = "$(TARGET_NAME)";
			};
			name = Release;
		};
/* End XCBuildConfiguration section */

/* Begin XCConfigurationList section */
		CC5F4E211D011D4700F2222A /* Build configuration list for PBXProject "01-KVO练习" */ = {
			isa = XCConfigurationList;
			buildConfigurations = (
				CC5F4E3B1D011D4700F2222A /* Debug */,
				CC5F4E3C1D011D4700F2222A /* Release */,
			);
			defaultConfigurationIsVisible = 0;
			defaultConfigurationName = Release;
		};
		CC5F4E3D1D011D4700F2222A /* Build configuration list for PBXNativeTarget "01-KVO练习" */ = {
			isa = XCConfigurationList;
			buildConfigurations = (
				CC5F4E3E1D011D4700F2222A /* Debug */,
				CC5F4E3F1D011D4700F2222A /* Release */,
			);
			defaultConfigurationIsVisible = 0;
		};
/* End XCConfigurationList section */
	};
	rootObject = CC5F4E1E1D011D4700F2222A /* Project object */;
}
